
Microsoft Visual Studio Solution File, Format Version 12.00
# Visual Studio Version 17
VisualStudioVersion = 17.4.33213.308
MinimumVisualStudioVersion = 10.0.40219.1
Project("{9A19103F-16F7-4668-BE54-9A1E7A4F7556}") = "IdentityService", "IdentityService\IdentityService.csproj", "{B1979306-08F2-48F3-BEA5-B107A1C27A41}"
EndProject
Project("{9A19103F-16F7-4668-BE54-9A1E7A4F7556}") = "IdentityService.UnitTests", "IdentityService.UnitTests\IdentityService.UnitTests.csproj", "{AE8AF464-4119-4710-A234-88614C87CC9D}"
EndProject
Project("{9A19103F-16F7-4668-BE54-9A1E7A4F7556}") = "OfferService", "OfferService\OfferService.csproj", "{9BA49F97-DA45-4B0C-B6A5-8EA89CC61984}"
EndProject
Project("{9A19103F-16F7-4668-BE54-9A1E7A4F7556}") = "OfferService.UnitTests", "OfferService.UnitTests\OfferService.UnitTests.csproj", "{7AAE3B58-079D-46A2-A1C8-ADCB84E1FEEB}"
EndProject
Project("{9A19103F-16F7-4668-BE54-9A1E7A4F7556}") = "EventBus", "EventBus\EventBus.csproj", "{9ACD71A8-1FFC-4150-917A-FC551E201F58}"
EndProject
Project("{2150E333-8FDC-42A3-9474-1A3956D46DE8}") = "BuildingBlocks", "BuildingBlocks", "{FD715A89-A6E4-47A4-AAA7-61BC98206A9C}"
EndProject
Project("{2150E333-8FDC-42A3-9474-1A3956D46DE8}") = "src", "src", "{C6C35F46-9669-4B7F-8CA2-D87B689D7B4F}"
EndProject
Project("{2150E333-8FDC-42A3-9474-1A3956D46DE8}") = "tests", "tests", "{F537A14C-F40C-4F2F-AA2D-6678F341F6AE}"
EndProject
Project("{2150E333-8FDC-42A3-9474-1A3956D46DE8}") = "Services", "Services", "{D241F86A-6E90-4C3F-B0F6-41F36B22F14B}"
EndProject
Global
	GlobalSection(SolutionConfigurationPlatforms) = preSolution
		Debug|Any CPU = Debug|Any CPU
		Release|Any CPU = Release|Any CPU
	EndGlobalSection
	GlobalSection(ProjectConfigurationPlatforms) = postSolution
		{B1979306-08F2-48F3-BEA5-B107A1C27A41}.Debug|Any CPU.ActiveCfg = Debug|Any CPU
		{B1979306-08F2-48F3-BEA5-B107A1C27A41}.Debug|Any CPU.Build.0 = Debug|Any CPU
		{B1979306-08F2-48F3-BEA5-B107A1C27A41}.Release|Any CPU.ActiveCfg = Release|Any CPU
		{B1979306-08F2-48F3-BEA5-B107A1C27A41}.Release|Any CPU.Build.0 = Release|Any CPU
		{AE8AF464-4119-4710-A234-88614C87CC9D}.Debug|Any CPU.ActiveCfg = Debug|Any CPU
		{AE8AF464-4119-4710-A234-88614C87CC9D}.Debug|Any CPU.Build.0 = Debug|Any CPU
		{AE8AF464-4119-4710-A234-88614C87CC9D}.Release|Any CPU.ActiveCfg = Release|Any CPU
		{AE8AF464-4119-4710-A234-88614C87CC9D}.Release|Any CPU.Build.0 = Release|Any CPU
		{9BA49F97-DA45-4B0C-B6A5-8EA89CC61984}.Debug|Any CPU.ActiveCfg = Debug|Any CPU
		{9BA49F97-DA45-4B0C-B6A5-8EA89CC61984}.Debug|Any CPU.Build.0 = Debug|Any CPU
		{9BA49F97-DA45-4B0C-B6A5-8EA89CC61984}.Release|Any CPU.ActiveCfg = Release|Any CPU
		{9BA49F97-DA45-4B0C-B6A5-8EA89CC61984}.Release|Any CPU.Build.0 = Release|Any CPU
		{7AAE3B58-079D-46A2-A1C8-ADCB84E1FEEB}.Debug|Any CPU.ActiveCfg = Debug|Any CPU
		{7AAE3B58-079D-46A2-A1C8-ADCB84E1FEEB}.Debug|Any CPU.Build.0 = Debug|Any CPU
		{7AAE3B58-079D-46A2-A1C8-ADCB84E1FEEB}.Release|Any CPU.ActiveCfg = Release|Any CPU
		{7AAE3B58-079D-46A2-A1C8-ADCB84E1FEEB}.Release|Any CPU.Build.0 = Release|Any CPU
		{9ACD71A8-1FFC-4150-917A-FC551E201F58}.Debug|Any CPU.ActiveCfg = Debug|Any CPU
		{9ACD71A8-1FFC-4150-917A-FC551E201F58}.Debug|Any CPU.Build.0 = Debug|Any CPU
		{9ACD71A8-1FFC-4150-917A-FC551E201F58}.Release|Any CPU.ActiveCfg = Release|Any CPU
		{9ACD71A8-1FFC-4150-917A-FC551E201F58}.Release|Any CPU.Build.0 = Release|Any CPU
	EndGlobalSection
	GlobalSection(SolutionProperties) = preSolution
		HideSolutionNode = FALSE
	EndGlobalSection
	GlobalSection(NestedProjects) = preSolution
		{B1979306-08F2-48F3-BEA5-B107A1C27A41} = {D241F86A-6E90-4C3F-B0F6-41F36B22F14B}
		{AE8AF464-4119-4710-A234-88614C87CC9D} = {F537A14C-F40C-4F2F-AA2D-6678F341F6AE}
		{9BA49F97-DA45-4B0C-B6A5-8EA89CC61984} = {D241F86A-6E90-4C3F-B0F6-41F36B22F14B}
		{7AAE3B58-079D-46A2-A1C8-ADCB84E1FEEB} = {F537A14C-F40C-4F2F-AA2D-6678F341F6AE}
		{9ACD71A8-1FFC-4150-917A-FC551E201F58} = {FD715A89-A6E4-47A4-AAA7-61BC98206A9C}
		{FD715A89-A6E4-47A4-AAA7-61BC98206A9C} = {C6C35F46-9669-4B7F-8CA2-D87B689D7B4F}
		{D241F86A-6E90-4C3F-B0F6-41F36B22F14B} = {C6C35F46-9669-4B7F-8CA2-D87B689D7B4F}
	EndGlobalSection
	GlobalSection(ExtensibilityGlobals) = postSolution
		SolutionGuid = {2A314B68-73ED-4FD1-BEC9-25694E0BFE36}
	EndGlobalSection
EndGlobal
